
Microsoft Visual Studio Solution File, Format Version 12.00
# Visual Studio Version 17
VisualStudioVersion = 17.3.32901.215
MinimumVisualStudioVersion = 10.0.40219.1
Project("{FAE04EC0-301F-11D3-BF4B-00C04F79EFBC}") = "Lesson 4", "Lesson 4\Lesson 4.csproj", "{CCF10621-897E-4F84-BD14-5C3591757042}"
EndProject
Global
	GlobalSection(SolutionConfigurationPlatforms) = preSolution
		Debug|Any CPU = Debug|Any CPU
		Release|Any CPU = Release|Any CPU
	EndGlobalSection
	GlobalSection(ProjectConfigurationPlatforms) = postSolution
		{CCF10621-897E-4F84-BD14-5C3591757042}.Debug|Any CPU.ActiveCfg = Debug|Any CPU
		{CCF10621-897E-4F84-BD14-5C3591757042}.Debug|Any CPU.Build.0 = Debug|Any CPU
		{CCF10621-897E-4F84-BD14-5C3591757042}.Release|Any CPU.ActiveCfg = Release|Any CPU
		{CCF10621-897E-4F84-BD14-5C3591757042}.Release|Any CPU.Build.0 = Release|Any CPU
	EndGlobalSection
	GlobalSection(SolutionProperties) = preSolution
		HideSolutionNode = FALSE
	EndGlobalSection
	GlobalSection(ExtensibilityGlobals) = postSolution
		SolutionGuid = {D6AAFEB7-B0D4-4B57-ABB8-FFFA1A205D16}
	EndGlobalSection
EndGlobal
